
Microsoft Visual Studio Solution File, Format Version 12.00
# Visual Studio Version 17
VisualStudioVersion = 17.3.32825.248
MinimumVisualStudioVersion = 10.0.40219.1
Project("{FAE04EC0-301F-11D3-BF4B-00C04F79EFBC}") = "ImageBanProject", "ImageBanProject\ImageBanProject.csproj", "{D8822EB7-5251-4999-A832-8C19161C43FF}"
EndProject
Global
	GlobalSection(SolutionConfigurationPlatforms) = preSolution
		Debug|Any CPU = Debug|Any CPU
		Release|Any CPU = Release|Any CPU
	EndGlobalSection
	GlobalSection(ProjectConfigurationPlatforms) = postSolution
		{D8822EB7-5251-4999-A832-8C19161C43FF}.Debug|Any CPU.ActiveCfg = Debug|Any CPU
		{D8822EB7-5251-4999-A832-8C19161C43FF}.Debug|Any CPU.Build.0 = Debug|Any CPU
		{D8822EB7-5251-4999-A832-8C19161C43FF}.Release|Any CPU.ActiveCfg = Release|Any CPU
		{D8822EB7-5251-4999-A832-8C19161C43FF}.Release|Any CPU.Build.0 = Release|Any CPU
	EndGlobalSection
	GlobalSection(SolutionProperties) = preSolution
		HideSolutionNode = FALSE
	EndGlobalSection
	GlobalSection(ExtensibilityGlobals) = postSolution
		SolutionGuid = {2E1CB919-4FC2-4A59-A243-694E3405B6C8}
	EndGlobalSection
EndGlobal
